<?xml version="1.0" encoding="utf-8"?>
<Project ToolsVersion="4.0" xmlns="http://schemas.microsoft.com/developer/msbuild/2003">
  <ItemGroup>
    <Filter Include="Source Files">
      <UniqueIdentifier>{4FC737F1-C7A5-4376-A066-2A32D752A2FF}</UniqueIdentifier>
      <Extensions>cpp;c;cc;cxx;def;odl;idl;hpj;bat;asm;asmx</Extensions>
    </Filter>
    <Filter Include="Header Files">
      <UniqueIdentifier>{93995380-89BD-4b04-88EB-625FBE52EBFB}</UniqueIdentifier>
      <Extensions>h;hh;hpp;hxx;hm;inl;inc;ipp;xsd</Extensions>
    </Filter>
    <Filter Include="Resource Files">
      <UniqueIdentifier>{67DA6AB6-F800-4c08-8B7A-83BB121AAD01}</UniqueIdentifier>
      <Extensions>rc;ico;cur;bmp;dlg;rc2;rct;bin;rgs;gif;jpg;jpeg;jpe;resx;tiff;tif;png;wav;mfcribbon-ms</Extensions>
    </Filter>
    <Filter Include="Header Files\runner">
      <UniqueIdentifier>{c031c5ca-b547-4ad3-a847-5fe5c6f35c75}</UniqueIdentifier>
    </Filter>
    <Filter Include="Source Files\runner">
      <UniqueIdentifier>{6d6bdf2f-ab1d-4c7d-b696-77307a410dab}</UniqueIdentifier>
    </Filter>
    <Filter Include="Header Files\distance">
      <UniqueIdentifier>{0d613aba-0a88-42b2-8543-9ee4db0ae5a9}</UniqueIdentifier>
    </Filter>
    <Filter Include="Source Files\distance">
      <UniqueIdentifier>{94803d6e-1191-4149-be1d-59b96b87985a}</UniqueIdentifier>
    </Filter>
  </ItemGroup>
  <ItemGroup>
    <ClCompile Include="main.cpp">
      <Filter>Source Files</Filter>
    </ClCompile>
    <ClCompile Include="Runner\hdbscanResult.cpp">
      <Filter>Source Files\runner</Filter>
    </ClCompile>
    <ClCompile Include="Runner\hdbscanParameters.cpp">
      <Filter>Source Files</Filter>
    </ClCompile>
    <ClCompile Include="Utils\bitSet.cpp">
      <Filter>Source Files</Filter>
    </ClCompile>
    <ClCompile Include="HdbscanStar\undirectedGraph.cpp">
      <Filter>Source Files</Filter>
    </ClCompile>
    <ClCompile Include="HdbscanStar\hdbscanAlgorithm.cpp">
      <Filter>Source Files</Filter>
    </ClCompile>
    <ClCompile Include="HdbscanStar\cluster.cpp">
      <Filter>Source Files</Filter>
    </ClCompile>
    <ClCompile Include="HdbscanStar\outlierScore.cpp">
      <Filter>Source Files</Filter>
    </ClCompile>
    <ClCompile Include="HdbscanStar\hdbscanConstraint.cpp">
      <Filter>Source Files</Filter>
    </ClCompile>
    <ClCompile Include="Runner\hdbscanRunner.cpp">
      <Filter>Source Files</Filter>
    </ClCompile>
    <ClCompile Include="Distance\EuclideanDistance.cpp">
      <Filter>Source Files</Filter>
    </ClCompile>
    <ClCompile Include="Distance\IDistanceCalculator.cpp">
      <Filter>Source Files</Filter>
    </ClCompile>
    <ClCompile Include="Distance\ManhattanDistance.cpp">
      <Filter>Source Files</Filter>
    </ClCompile>
    <ClCompile Include="Hdbscan\hdbscan.cpp">
      <Filter>Source Files</Filter>
    </ClCompile>
  </ItemGroup>
  <ItemGroup>
    <ClInclude Include="Runner\hdbscanResult.hpp">
      <Filter>Header Files\runner</Filter>
    </ClInclude>
    <ClInclude Include="Runner\hdbscanParameters.hpp">
      <Filter>Header Files</Filter>
    </ClInclude>
    <ClInclude Include="Utils\bitSet.hpp">
      <Filter>Header Files</Filter>
    </ClInclude>
    <ClInclude Include="HdbscanStar\undirectedGraph.hpp">
      <Filter>Header Files</Filter>
    </ClInclude>
    <ClInclude Include="HdbscanStar\outlierScore.hpp">
      <Filter>Header Files</Filter>
    </ClInclude>
    <ClInclude Include="HdbscanStar\hdbscanConstraint.hpp">
      <Filter>Header Files</Filter>
    </ClInclude>
    <ClInclude Include="HdbscanStar\cluster.hpp">
      <Filter>Header Files</Filter>
    </ClInclude>
    <ClInclude Include="Runner\hdbscanRunner.hpp">
      <Filter>Header Files</Filter>
    </ClInclude>
    <ClInclude Include="HdbscanStar\hdbscanAlgorithm.hpp">
      <Filter>Header Files</Filter>
    </ClInclude>
    <ClInclude Include="Distance\EuclideanDistance.hpp">
      <Filter>Header Files</Filter>
    </ClInclude>
    <ClInclude Include="Distance\IDistanceCalculator.hpp">
      <Filter>Header Files</Filter>
    </ClInclude>
    <ClInclude Include="Distance\ManhattanDistance.hpp">
      <Filter>Header Files</Filter>
    </ClInclude>
    <ClInclude Include="Hdbscan\hdbscan.hpp">
      <Filter>Header Files</Filter>
    </ClInclude>
  </ItemGroup>
  <ItemGroup>
    <None Include=".gitattributes" />
    <None Include=".gitignore" />
    <None Include="FETCH_HEAD" />
    <None Include="HDBSCAN-CPP.vcxproj.filters.orig" />
    <None Include="HDBSCAN-CPP.vcxproj.orig" />
    <None Include="README.md" />
  </ItemGroup>
</Project>