
Microsoft Visual Studio Solution File, Format Version 12.00
# Visual Studio Version 16
VisualStudioVersion = 16.0.29009.5
MinimumVisualStudioVersion = 10.0.40219.1
Project("{8BC9CEB8-8B4A-11D0-8D11-00A0C91BC942}") = "HDBSCAN-CPP", "HDBSCAN-CPP.vcxproj", "{41382A8A-8840-4A46-9680-73E81695F832}"
EndProject
Project("{8BC9CEB8-8B4A-11D0-8D11-00A0C91BC942}") = "HDBSCANUnitTest", "..\HDBSCANUnitTest\HDBSCANUnitTest.vcxproj", "{33CD9214-2E98-412F-855D-A09F2AAEB862}"
EndProject
Project("{8BC9CEB8-8B4A-11D0-8D11-00A0C91BC942}") = "HDBSCAN-FourProminentClusterExample", "..\HDBSCAN-FourProminentClusterExample\HDBSCAN-Examples.vcxproj", "{FDBF423A-04C9-4924-AF2D-7A2E2D555ECC}"
EndProject
Global
	GlobalSection(SolutionConfigurationPlatforms) = preSolution
		Debug|x64 = Debug|x64
		Debug|x86 = Debug|x86
		Release|x64 = Release|x64
		Release|x86 = Release|x86
	EndGlobalSection
	GlobalSection(ProjectConfigurationPlatforms) = postSolution
		{41382A8A-8840-4A46-9680-73E81695F832}.Debug|x64.ActiveCfg = Debug|x64
		{41382A8A-8840-4A46-9680-73E81695F832}.Debug|x64.Build.0 = Debug|x64
		{41382A8A-8840-4A46-9680-73E81695F832}.Debug|x86.ActiveCfg = Debug|Win32
		{41382A8A-8840-4A46-9680-73E81695F832}.Debug|x86.Build.0 = Debug|Win32
		{41382A8A-8840-4A46-9680-73E81695F832}.Release|x64.ActiveCfg = Release|x64
		{41382A8A-8840-4A46-9680-73E81695F832}.Release|x64.Build.0 = Release|x64
		{41382A8A-8840-4A46-9680-73E81695F832}.Release|x86.ActiveCfg = Release|Win32
		{41382A8A-8840-4A46-9680-73E81695F832}.Release|x86.Build.0 = Release|Win32
		{33CD9214-2E98-412F-855D-A09F2AAEB862}.Debug|x64.ActiveCfg = Debug|x64
		{33CD9214-2E98-412F-855D-A09F2AAEB862}.Debug|x64.Build.0 = Debug|x64
		{33CD9214-2E98-412F-855D-A09F2AAEB862}.Debug|x86.ActiveCfg = Debug|Win32
		{33CD9214-2E98-412F-855D-A09F2AAEB862}.Debug|x86.Build.0 = Debug|Win32
		{33CD9214-2E98-412F-855D-A09F2AAEB862}.Release|x64.ActiveCfg = Release|x64
		{33CD9214-2E98-412F-855D-A09F2AAEB862}.Release|x64.Build.0 = Release|x64
		{33CD9214-2E98-412F-855D-A09F2AAEB862}.Release|x86.ActiveCfg = Release|Win32
		{33CD9214-2E98-412F-855D-A09F2AAEB862}.Release|x86.Build.0 = Release|Win32
		{FDBF423A-04C9-4924-AF2D-7A2E2D555ECC}.Debug|x64.ActiveCfg = Debug|x64
		{FDBF423A-04C9-4924-AF2D-7A2E2D555ECC}.Debug|x64.Build.0 = Debug|x64
		{FDBF423A-04C9-4924-AF2D-7A2E2D555ECC}.Debug|x86.ActiveCfg = Debug|Win32
		{FDBF423A-04C9-4924-AF2D-7A2E2D555ECC}.Debug|x86.Build.0 = Debug|Win32
		{FDBF423A-04C9-4924-AF2D-7A2E2D555ECC}.Release|x64.ActiveCfg = Release|x64
		{FDBF423A-04C9-4924-AF2D-7A2E2D555ECC}.Release|x64.Build.0 = Release|x64
		{FDBF423A-04C9-4924-AF2D-7A2E2D555ECC}.Release|x86.ActiveCfg = Release|Win32
		{FDBF423A-04C9-4924-AF2D-7A2E2D555ECC}.Release|x86.Build.0 = Release|Win32
	EndGlobalSection
	GlobalSection(SolutionProperties) = preSolution
		HideSolutionNode = FALSE
	EndGlobalSection
	GlobalSection(ExtensibilityGlobals) = postSolution
		SolutionGuid = {E7BDFEE0-19B7-4341-90B1-FF748549AF09}
	EndGlobalSection
EndGlobal
